
Microsoft Visual Studio Solution File, Format Version 12.00
# Visual Studio Version 17
VisualStudioVersion = 17.9.34728.123
MinimumVisualStudioVersion = 10.0.40219.1
Project("{FAE04EC0-301F-11D3-BF4B-00C04F79EFBC}") = "ViGlideAdaptix_API", "ViGlideAdaptix_API\ViGlideAdaptix_API.csproj", "{5AC60A3C-C38D-4394-BEAE-26438BA8924D}"
EndProject
Project("{FAE04EC0-301F-11D3-BF4B-00C04F79EFBC}") = "ViGlideAdaptix_BLL", "ViGlideAdaptix_BLL\ViGlideAdaptix_BLL.csproj", "{5F03B1E7-3208-46BB-9473-9E67F3A3B478}"
EndProject
Project("{FAE04EC0-301F-11D3-BF4B-00C04F79EFBC}") = "ViGlideAdaptix_DAL", "ViGlideAdaptix_DAL\ViGlideAdaptix_DAL.csproj", "{3C8C6FAA-B38D-45BE-B8DE-3764F396393F}"
EndProject
Global
	GlobalSection(SolutionConfigurationPlatforms) = preSolution
		Debug|Any CPU = Debug|Any CPU
		Release|Any CPU = Release|Any CPU
	EndGlobalSection
	GlobalSection(ProjectConfigurationPlatforms) = postSolution
		{5AC60A3C-C38D-4394-BEAE-26438BA8924D}.Debug|Any CPU.ActiveCfg = Debug|Any CPU
		{5AC60A3C-C38D-4394-BEAE-26438BA8924D}.Debug|Any CPU.Build.0 = Debug|Any CPU
		{5AC60A3C-C38D-4394-BEAE-26438BA8924D}.Release|Any CPU.ActiveCfg = Release|Any CPU
		{5AC60A3C-C38D-4394-BEAE-26438BA8924D}.Release|Any CPU.Build.0 = Release|Any CPU
		{5F03B1E7-3208-46BB-9473-9E67F3A3B478}.Debug|Any CPU.ActiveCfg = Debug|Any CPU
		{5F03B1E7-3208-46BB-9473-9E67F3A3B478}.Debug|Any CPU.Build.0 = Debug|Any CPU
		{5F03B1E7-3208-46BB-9473-9E67F3A3B478}.Release|Any CPU.ActiveCfg = Release|Any CPU
		{5F03B1E7-3208-46BB-9473-9E67F3A3B478}.Release|Any CPU.Build.0 = Release|Any CPU
		{3C8C6FAA-B38D-45BE-B8DE-3764F396393F}.Debug|Any CPU.ActiveCfg = Debug|Any CPU
		{3C8C6FAA-B38D-45BE-B8DE-3764F396393F}.Debug|Any CPU.Build.0 = Debug|Any CPU
		{3C8C6FAA-B38D-45BE-B8DE-3764F396393F}.Release|Any CPU.ActiveCfg = Release|Any CPU
		{3C8C6FAA-B38D-45BE-B8DE-3764F396393F}.Release|Any CPU.Build.0 = Release|Any CPU
	EndGlobalSection
	GlobalSection(SolutionProperties) = preSolution
		HideSolutionNode = FALSE
	EndGlobalSection
	GlobalSection(ExtensibilityGlobals) = postSolution
		SolutionGuid = {3C36FA2F-7AD4-4EA4-8272-EBE7494817F2}
	EndGlobalSection
EndGlobal
